
Microsoft Visual Studio Solution File, Format Version 12.00
# Visual Studio 15
VisualStudioVersion = 15.0.28307.271
MinimumVisualStudioVersion = 10.0.40219.1
Project("{FAE04EC0-301F-11D3-BF4B-00C04F79EFBC}") = "Assignment2", "Assignment2\Assignment2.csproj", "{EE1D7F39-7EF4-4A87-A6A5-B41755BDB575}"
EndProject
Project("{FAE04EC0-301F-11D3-BF4B-00C04F79EFBC}") = "Test", "Test\Test.csproj", "{A56DC2BC-06EE-49A9-9D76-942C61DE3124}"
EndProject
Global
	GlobalSection(SolutionConfigurationPlatforms) = preSolution
		Debug|Any CPU = Debug|Any CPU
		Release|Any CPU = Release|Any CPU
	EndGlobalSection
	GlobalSection(ProjectConfigurationPlatforms) = postSolution
		{EE1D7F39-7EF4-4A87-A6A5-B41755BDB575}.Debug|Any CPU.ActiveCfg = Debug|Any CPU
		{EE1D7F39-7EF4-4A87-A6A5-B41755BDB575}.Debug|Any CPU.Build.0 = Debug|Any CPU
		{EE1D7F39-7EF4-4A87-A6A5-B41755BDB575}.Release|Any CPU.ActiveCfg = Release|Any CPU
		{EE1D7F39-7EF4-4A87-A6A5-B41755BDB575}.Release|Any CPU.Build.0 = Release|Any CPU
		{A56DC2BC-06EE-49A9-9D76-942C61DE3124}.Debug|Any CPU.ActiveCfg = Debug|Any CPU
		{A56DC2BC-06EE-49A9-9D76-942C61DE3124}.Debug|Any CPU.Build.0 = Debug|Any CPU
		{A56DC2BC-06EE-49A9-9D76-942C61DE3124}.Release|Any CPU.ActiveCfg = Release|Any CPU
		{A56DC2BC-06EE-49A9-9D76-942C61DE3124}.Release|Any CPU.Build.0 = Release|Any CPU
	EndGlobalSection
	GlobalSection(SolutionProperties) = preSolution
		HideSolutionNode = FALSE
	EndGlobalSection
	GlobalSection(ExtensibilityGlobals) = postSolution
		SolutionGuid = {40435D81-132D-407A-9CFF-23AD2CFCEB43}
	EndGlobalSection
EndGlobal
